{
  "name": "whiteboard",
  "version": "0.0.1",
  "lockfileVersion": 2,
  "requires": true,
  "packages": {
    "": {
      "name": "whiteboard",
      "version": "0.0.1",
      "license": "ISC",
      "workspaces": [
        "server",
        "client"
      ]
    },
    "client": {
      "version": "1.0.0",
      "extraneous": true,
      "dependencies": {
        "electron-squirrel-startup": "^1.0.0",
        "electron-updater": "^5.3.0",
        "sirv-cli": "^2.0.0"
      },
      "devDependencies": {
        "@rollup/plugin-commonjs": "^17.0.0",
        "@rollup/plugin-node-resolve": "^11.0.0",
        "@rollup/plugin-typescript": "^8.0.0",
        "@tsconfig/svelte": "^2.0.0",
        "electron": "^22.0.0",
        "electron-builder": "^23.6.0",
        "rollup": "^2.3.4",
        "rollup-plugin-css-only": "^3.1.0",
        "rollup-plugin-livereload": "^2.0.0",
        "rollup-plugin-svelte": "^7.0.0",
        "rollup-plugin-terser": "^7.0.0",
        "svelte": "^3.0.0",
        "svelte-check": "^2.0.0",
        "svelte-preprocess": "^4.0.0",
        "tslib": "^2.0.0",
        "typescript": "^4.9.4"
      }
    },
    "node_modules/@types/node": {
      "version": "18.11.17",
      "resolved": "https://registry.npmjs.org/@types/node/-/node-18.11.17.tgz",
      "integrity": "sha512-HJSUJmni4BeDHhfzn6nF0sVmd1SMezP7/4F0Lq+aXzmp2xm9O7WXrUtHW/CHlYVtZUbByEvWidHqRtcJXGF2Ng==",
      "dev": true
    },
    "node_modules/server": {
      "resolved": "server",
      "link": true
    },
    "node_modules/typescript": {
      "version": "4.9.4",
      "resolved": "https://registry.npmjs.org/typescript/-/typescript-4.9.4.tgz",
      "integrity": "sha512-Uz+dTXYzxXXbsFpM86Wh3dKCxrQqUcVMxwU54orwlJjOpO3ao8L7j5lH+dWfTwgCwIuM9GQ2kvVotzYJMXTBZg==",
      "bin": {
        "tsc": "bin/tsc",
        "tsserver": "bin/tsserver"
      },
      "engines": {
        "node": ">=4.2.0"
      }
    },
    "server": {
      "version": "1.0.0",
      "license": "ISC",
      "dependencies": {
        "typescript": "^4.9.4"
      },
      "devDependencies": {
        "@types/node": "^18.11.17"
      }
    }
  },
  "dependencies": {
    "@types/node": {
      "version": "18.11.17",
      "resolved": "https://registry.npmjs.org/@types/node/-/node-18.11.17.tgz",
      "integrity": "sha512-HJSUJmni4BeDHhfzn6nF0sVmd1SMezP7/4F0Lq+aXzmp2xm9O7WXrUtHW/CHlYVtZUbByEvWidHqRtcJXGF2Ng==",
      "dev": true
    },
    "server": {
      "version": "file:server",
      "requires": {
        "@types/node": "^18.11.17",
        "typescript": "^4.9.4"
      }
    },
    "typescript": {
      "version": "4.9.4",
      "resolved": "https://registry.npmjs.org/typescript/-/typescript-4.9.4.tgz",
      "integrity": "sha512-Uz+dTXYzxXXbsFpM86Wh3dKCxrQqUcVMxwU54orwlJjOpO3ao8L7j5lH+dWfTwgCwIuM9GQ2kvVotzYJMXTBZg=="
    }
  }
}
